// !$*UTF8*$!
{
	archiveVersion = 1;
	classes = {
	};
	objectVersion = 50;
	objects = {

/* Begin PBXBuildFile section */
		75C7D8F220F1DCEB0023BEC7 /* AppDelegate.swift in Sources */ = {isa = PBXBuildFile; fileRef = 75C7D8F120F1DCEB0023BEC7 /* AppDelegate.swift */; };
		75C7D8F420F1DCEB0023BEC7 /* ViewController.swift in Sources */ = {isa = PBXBuildFile; fileRef = 75C7D8F320F1DCEB0023BEC7 /* ViewController.swift */; };
		75C7D8F720F1DCEB0023BEC7 /* Main.storyboard in Resources */ = {isa = PBXBuildFile; fileRef = 75C7D8F520F1DCEB0023BEC7 /* Main.storyboard */; };
		75C7D8FA20F1DCEB0023BEC7 /* gambalcounter.xcdatamodeld in Sources */ = {isa = PBXBuildFile; fileRef = 75C7D8F820F1DCEB0023BEC7 /* gambalcounter.xcdatamodeld */; };
		75C7D8FC20F1DCEC0023BEC7 /* Assets.xcassets in Resources */ = {isa = PBXBuildFile; fileRef = 75C7D8FB20F1DCEC0023BEC7 /* Assets.xcassets */; };
		75C7D8FF20F1DCEC0023BEC7 /* LaunchScreen.storyboard in Resources */ = {isa = PBXBuildFile; fileRef = 75C7D8FD20F1DCEC0023BEC7 /* LaunchScreen.storyboard */; };
		75C7D90A20F1DCEC0023BEC7 /* gambalcounterTests.swift in Sources */ = {isa = PBXBuildFile; fileRef = 75C7D90920F1DCEC0023BEC7 /* gambalcounterTests.swift */; };
		75C7D91520F1DCEC0023BEC7 /* gambalcounterUITests.swift in Sources */ = {isa = PBXBuildFile; fileRef = 75C7D91420F1DCEC0023BEC7 /* gambalcounterUITests.swift */; };
/* End PBXBuildFile section */

/* Begin PBXContainerItemProxy section */
		75C7D90620F1DCEC0023BEC7 /* PBXContainerItemProxy */ = {
			isa = PBXContainerItemProxy;
			containerPortal = 75C7D8E620F1DCEB0023BEC7 /* Project object */;
			proxyType = 1;
			remoteGlobalIDString = 75C7D8ED20F1DCEB0023BEC7;
			remoteInfo = gambalcounter;
		};
		75C7D91120F1DCEC0023BEC7 /* PBXContainerItemProxy */ = {
			isa = PBXContainerItemProxy;
			containerPortal = 75C7D8E620F1DCEB0023BEC7 /* Project object */;
			proxyType = 1;
			remoteGlobalIDString = 75C7D8ED20F1DCEB0023BEC7;
			remoteInfo = gambalcounter;
		};
/* End PBXContainerItemProxy section */

/* Begin PBXFileReference section */
		75C7D8EE20F1DCEB0023BEC7 /* gambalcounter.app */ = {isa = PBXFileReference; explicitFileType = wrapper.application; includeInIndex = 0; path = gambalcounter.app; sourceTree = BUILT_PRODUCTS_DIR; };
		75C7D8F120F1DCEB0023BEC7 /* AppDelegate.swift */ = {isa = PBXFileReference; lastKnownFileType = sourcecode.swift; path = AppDelegate.swift; sourceTree = "<group>"; };
		75C7D8F320F1DCEB0023BEC7 /* ViewController.swift */ = {isa = PBXFileReference; lastKnownFileType = sourcecode.swift; path = ViewController.swift; sourceTree = "<group>"; };
		75C7D8F620F1DCEB0023BEC7 /* Base */ = {isa = PBXFileReference; lastKnownFileType = file.storyboard; name = Base; path = Base.lproj/Main.storyboard; sourceTree = "<group>"; };
		75C7D8F920F1DCEB0023BEC7 /* gambalcounter.xcdatamodel */ = {isa = PBXFileReference; lastKnownFileType = wrapper.xcdatamodel; path = gambalcounter.xcdatamodel; sourceTree = "<group>"; };
		75C7D8FB20F1DCEC0023BEC7 /* Assets.xcassets */ = {isa = PBXFileReference; lastKnownFileType = folder.assetcatalog; path = Assets.xcassets; sourceTree = "<group>"; };
		75C7D8FE20F1DCEC0023BEC7 /* Base */ = {isa = PBXFileReference; lastKnownFileType = file.storyboard; name = Base; path = Base.lproj/LaunchScreen.storyboard; sourceTree = "<group>"; };
		75C7D90020F1DCEC0023BEC7 /* Info.plist */ = {isa = PBXFileReference; lastKnownFileType = text.plist.xml; path = Info.plist; sourceTree = "<group>"; };
		75C7D90520F1DCEC0023BEC7 /* gambalcounterTests.xctest */ = {isa = PBXFileReference; explicitFileType = wrapper.cfbundle; includeInIndex = 0; path = gambalcounterTests.xctest; sourceTree = BUILT_PRODUCTS_DIR; };
		75C7D90920F1DCEC0023BEC7 /* gambalcounterTests.swift */ = {isa = PBXFileReference; lastKnownFileType = sourcecode.swift; path = gambalcounterTests.swift; sourceTree = "<group>"; };
		75C7D90B20F1DCEC0023BEC7 /* Info.plist */ = {isa = PBXFileReference; lastKnownFileType = text.plist.xml; path = Info.plist; sourceTree = "<group>"; };
		75C7D91020F1DCEC0023BEC7 /* gambalcounterUITests.xctest */ = {isa = PBXFileReference; explicitFileType = wrapper.cfbundle; includeInIndex = 0; path = gambalcounterUITests.xctest; sourceTree = BUILT_PRODUCTS_DIR; };
		75C7D91420F1DCEC0023BEC7 /* gambalcounterUITests.swift */ = {isa = PBXFileReference; lastKnownFileType = sourcecode.swift; path = gambalcounterUITests.swift; sourceTree = "<group>"; };
		75C7D91620F1DCEC0023BEC7 /* Info.plist */ = {isa = PBXFileReference; lastKnownFileType = text.plist.xml; path = Info.plist; sourceTree = "<group>"; };
/* End PBXFileReference section */

/* Begin PBXFrameworksBuildPhase section */
		75C7D8EB20F1DCEB0023BEC7 /* Frameworks */ = {
			isa = PBXFrameworksBuildPhase;
			buildActionMask = 2147483647;
			files = (
			);
			runOnlyForDeploymentPostprocessing = 0;
		};
		75C7D90220F1DCEC0023BEC7 /* Frameworks */ = {
			isa = PBXFrameworksBuildPhase;
			buildActionMask = 2147483647;
			files = (
			);
			runOnlyForDeploymentPostprocessing = 0;
		};
		75C7D90D20F1DCEC0023BEC7 /* Frameworks */ = {
			isa = PBXFrameworksBuildPhase;
			buildActionMask = 2147483647;
			files = (
			);
			runOnlyForDeploymentPostprocessing = 0;
		};
/* End PBXFrameworksBuildPhase section */

/* Begin PBXGroup section */
		75C7D8E520F1DCEB0023BEC7 = {
			isa = PBXGroup;
			children = (
				75C7D8F020F1DCEB0023BEC7 /* gambalcounter */,
				75C7D90820F1DCEC0023BEC7 /* gambalcounterTests */,
				75C7D91320F1DCEC0023BEC7 /* gambalcounterUITests */,
				75C7D8EF20F1DCEB0023BEC7 /* Products */,
			);
			sourceTree = "<group>";
		};
		75C7D8EF20F1DCEB0023BEC7 /* Products */ = {
			isa = PBXGroup;
			children = (
				75C7D8EE20F1DCEB0023BEC7 /* gambalcounter.app */,
				75C7D90520F1DCEC0023BEC7 /* gambalcounterTests.xctest */,
				75C7D91020F1DCEC0023BEC7 /* gambalcounterUITests.xctest */,
			);
			name = Products;
			sourceTree = "<group>";
		};
		75C7D8F020F1DCEB0023BEC7 /* gambalcounter */ = {
			isa = PBXGroup;
			children = (
				75C7D8F120F1DCEB0023BEC7 /* AppDelegate.swift */,
				75C7D8F320F1DCEB0023BEC7 /* ViewController.swift */,
				75C7D8F520F1DCEB0023BEC7 /* Main.storyboard */,
				75C7D8FB20F1DCEC0023BEC7 /* Assets.xcassets */,
				75C7D8FD20F1DCEC0023BEC7 /* LaunchScreen.storyboard */,
				75C7D90020F1DCEC0023BEC7 /* Info.plist */,
				75C7D8F820F1DCEB0023BEC7 /* gambalcounter.xcdatamodeld */,
			);
			path = gambalcounter;
			sourceTree = "<group>";
		};
		75C7D90820F1DCEC0023BEC7 /* gambalcounterTests */ = {
			isa = PBXGroup;
			children = (
				75C7D90920F1DCEC0023BEC7 /* gambalcounterTests.swift */,
				75C7D90B20F1DCEC0023BEC7 /* Info.plist */,
			);
			path = gambalcounterTests;
			sourceTree = "<group>";
		};
		75C7D91320F1DCEC0023BEC7 /* gambalcounterUITests */ = {
			isa = PBXGroup;
			children = (
				75C7D91420F1DCEC0023BEC7 /* gambalcounterUITests.swift */,
				75C7D91620F1DCEC0023BEC7 /* Info.plist */,
			);
			path = gambalcounterUITests;
			sourceTree = "<group>";
		};
/* End PBXGroup section */

/* Begin PBXNativeTarget section */
		75C7D8ED20F1DCEB0023BEC7 /* gambalcounter */ = {
			isa = PBXNativeTarget;
			buildConfigurationList = 75C7D91920F1DCEC0023BEC7 /* Build configuration list for PBXNativeTarget "gambalcounter" */;
			buildPhases = (
				75C7D8EA20F1DCEB0023BEC7 /* Sources */,
				75C7D8EB20F1DCEB0023BEC7 /* Frameworks */,
				75C7D8EC20F1DCEB0023BEC7 /* Resources */,
			);
			buildRules = (
			);
			dependencies = (
			);
			name = gambalcounter;
			productName = gambalcounter;
			productReference = 75C7D8EE20F1DCEB0023BEC7 /* gambalcounter.app */;
			productType = "com.apple.product-type.application";
		};
		75C7D90420F1DCEC0023BEC7 /* gambalcounterTests */ = {
			isa = PBXNativeTarget;
			buildConfigurationList = 75C7D91C20F1DCEC0023BEC7 /* Build configuration list for PBXNativeTarget "gambalcounterTests" */;
			buildPhases = (
				75C7D90120F1DCEC0023BEC7 /* Sources */,
				75C7D90220F1DCEC0023BEC7 /* Frameworks */,
				75C7D90320F1DCEC0023BEC7 /* Resources */,
			);
			buildRules = (
			);
			dependencies = (
				75C7D90720F1DCEC0023BEC7 /* PBXTargetDependency */,
			);
			name = gambalcounterTests;
			productName = gambalcounterTests;
			productReference = 75C7D90520F1DCEC0023BEC7 /* gambalcounterTests.xctest */;
			productType = "com.apple.product-type.bundle.unit-test";
		};
		75C7D90F20F1DCEC0023BEC7 /* gambalcounterUITests */ = {
			isa = PBXNativeTarget;
			buildConfigurationList = 75C7D91F20F1DCEC0023BEC7 /* Build configuration list for PBXNativeTarget "gambalcounterUITests" */;
			buildPhases = (
				75C7D90C20F1DCEC0023BEC7 /* Sources */,
				75C7D90D20F1DCEC0023BEC7 /* Frameworks */,
				75C7D90E20F1DCEC0023BEC7 /* Resources */,
			);
			buildRules = (
			);
			dependencies = (
				75C7D91220F1DCEC0023BEC7 /* PBXTargetDependency */,
			);
			name = gambalcounterUITests;
			productName = gambalcounterUITests;
			productReference = 75C7D91020F1DCEC0023BEC7 /* gambalcounterUITests.xctest */;
			productType = "com.apple.product-type.bundle.ui-testing";
		};
/* End PBXNativeTarget section */

/* Begin PBXProject section */
		75C7D8E620F1DCEB0023BEC7 /* Project object */ = {
			isa = PBXProject;
			attributes = {
				LastSwiftUpdateCheck = 0940;
				LastUpgradeCheck = 0940;
				ORGANIZATIONNAME = kit;
				TargetAttributes = {
					75C7D8ED20F1DCEB0023BEC7 = {
						CreatedOnToolsVersion = 9.4.1;
					};
					75C7D90420F1DCEC0023BEC7 = {
						CreatedOnToolsVersion = 9.4.1;
						TestTargetID = 75C7D8ED20F1DCEB0023BEC7;
					};
					75C7D90F20F1DCEC0023BEC7 = {
						CreatedOnToolsVersion = 9.4.1;
						TestTargetID = 75C7D8ED20F1DCEB0023BEC7;
					};
				};
			};
			buildConfigurationList = 75C7D8E920F1DCEB0023BEC7 /* Build configuration list for PBXProject "gambalcounter" */;
			compatibilityVersion = "Xcode 9.3";
			developmentRegion = en;
			hasScannedForEncodings = 0;
			knownRegions = (
				en,
				Base,
			);
			mainGroup = 75C7D8E520F1DCEB0023BEC7;
			productRefGroup = 75C7D8EF20F1DCEB0023BEC7 /* Products */;
			projectDirPath = "";
			projectRoot = "";
			targets = (
				75C7D8ED20F1DCEB0023BEC7 /* gambalcounter */,
				75C7D90420F1DCEC0023BEC7 /* gambalcounterTests */,
				75C7D90F20F1DCEC0023BEC7 /* gambalcounterUITests */,
			);
		};
/* End PBXProject section */

/* Begin PBXResourcesBuildPhase section */
		75C7D8EC20F1DCEB0023BEC7 /* Resources */ = {
			isa = PBXResourcesBuildPhase;
			buildActionMask = 2147483647;
			files = (
				75C7D8FF20F1DCEC0023BEC7 /* LaunchScreen.storyboard in Resources */,
				75C7D8FC20F1DCEC0023BEC7 /* Assets.xcassets in Resources */,
				75C7D8F720F1DCEB0023BEC7 /* Main.storyboard in Resources */,
			);
			runOnlyForDeploymentPostprocessing = 0;
		};
		75C7D90320F1DCEC0023BEC7 /* Resources */ = {
			isa = PBXResourcesBuildPhase;
			buildActionMask = 2147483647;
			files = (
			);
			runOnlyForDeploymentPostprocessing = 0;
		};
		75C7D90E20F1DCEC0023BEC7 /* Resources */ = {
			isa = PBXResourcesBuildPhase;
			buildActionMask = 2147483647;
			files = (
			);
			runOnlyForDeploymentPostprocessing = 0;
		};
/* End PBXResourcesBuildPhase section */

/* Begin PBXSourcesBuildPhase section */
		75C7D8EA20F1DCEB0023BEC7 /* Sources */ = {
			isa = PBXSourcesBuildPhase;
			buildActionMask = 2147483647;
			files = (
				75C7D8F420F1DCEB0023BEC7 /* ViewController.swift in Sources */,
				75C7D8F220F1DCEB0023BEC7 /* AppDelegate.swift in Sources */,
				75C7D8FA20F1DCEB0023BEC7 /* gambalcounter.xcdatamodeld in Sources */,
			);
			runOnlyForDeploymentPostprocessing = 0;
		};
		75C7D90120F1DCEC0023BEC7 /* Sources */ = {
			isa = PBXSourcesBuildPhase;
			buildActionMask = 2147483647;
			files = (
				75C7D90A20F1DCEC0023BEC7 /* gambalcounterTests.swift in Sources */,
			);
			runOnlyForDeploymentPostprocessing = 0;
		};
		75C7D90C20F1DCEC0023BEC7 /* Sources */ = {
			isa = PBXSourcesBuildPhase;
			buildActionMask = 2147483647;
			files = (
				75C7D91520F1DCEC0023BEC7 /* gambalcounterUITests.swift in Sources */,
			);
			runOnlyForDeploymentPostprocessing = 0;
		};
/* End PBXSourcesBuildPhase section */

/* Begin PBXTargetDependency section */
		75C7D90720F1DCEC0023BEC7 /* PBXTargetDependency */ = {
			isa = PBXTargetDependency;
			target = 75C7D8ED20F1DCEB0023BEC7 /* gambalcounter */;
			targetProxy = 75C7D90620F1DCEC0023BEC7 /* PBXContainerItemProxy */;
		};
		75C7D91220F1DCEC0023BEC7 /* PBXTargetDependency */ = {
			isa = PBXTargetDependency;
			target = 75C7D8ED20F1DCEB0023BEC7 /* gambalcounter */;
			targetProxy = 75C7D91120F1DCEC0023BEC7 /* PBXContainerItemProxy */;
		};
/* End PBXTargetDependency section */

/* Begin PBXVariantGroup section */
		75C7D8F520F1DCEB0023BEC7 /* Main.storyboard */ = {
			isa = PBXVariantGroup;
			children = (
				75C7D8F620F1DCEB0023BEC7 /* Base */,
			);
			name = Main.storyboard;
			sourceTree = "<group>";
		};
		75C7D8FD20F1DCEC0023BEC7 /* LaunchScreen.storyboard */ = {
			isa = PBXVariantGroup;
			children = (
				75C7D8FE20F1DCEC0023BEC7 /* Base */,
			);
			name = LaunchScreen.storyboard;
			sourceTree = "<group>";
		};
/* End PBXVariantGroup section */

/* Begin XCBuildConfiguration section */
		75C7D91720F1DCEC0023BEC7 /* Debug */ = {
			isa = XCBuildConfiguration;
			buildSettings = {
				ALWAYS_SEARCH_USER_PATHS = NO;
				CLANG_ANALYZER_NONNULL = YES;
				CLANG_ANALYZER_NUMBER_OBJECT_CONVERSION = YES_AGGRESSIVE;
				CLANG_CXX_LANGUAGE_STANDARD = "gnu++14";
				CLANG_CXX_LIBRARY = "libc++";
				CLANG_ENABLE_MODULES = YES;
				CLANG_ENABLE_OBJC_ARC = YES;
				CLANG_ENABLE_OBJC_WEAK = YES;
				CLANG_WARN_BLOCK_CAPTURE_AUTORELEASING = YES;
				CLANG_WARN_BOOL_CONVERSION = YES;
				CLANG_WARN_COMMA = YES;
				CLANG_WARN_CONSTANT_CONVERSION = YES;
				CLANG_WARN_DEPRECATED_OBJC_IMPLEMENTATIONS = YES;
				CLANG_WARN_DIRECT_OBJC_ISA_USAGE = YES_ERROR;
				CLANG_WARN_DOCUMENTATION_COMMENTS = YES;
				CLANG_WARN_EMPTY_BODY = YES;
				CLANG_WARN_ENUM_CONVERSION = YES;
				CLANG_WARN_INFINITE_RECURSION = YES;
				CLANG_WARN_INT_CONVERSION = YES;
				CLANG_WARN_NON_LITERAL_NULL_CONVERSION = YES;
				CLANG_WARN_OBJC_IMPLICIT_RETAIN_SELF = YES;
				CLANG_WARN_OBJC_LITERAL_CONVERSION = YES;
				CLANG_WARN_OBJC_ROOT_CLASS = YES_ERROR;
				CLANG_WARN_RANGE_LOOP_ANALYSIS = YES;
				CLANG_WARN_STRICT_PROTOTYPES = YES;
				CLANG_WARN_SUSPICIOUS_MOVE = YES;
				CLANG_WARN_UNGUARDED_AVAILABILITY = YES_AGGRESSIVE;
				CLANG_WARN_UNREACHABLE_CODE = YES;
				CLANG_WARN__DUPLICATE_METHOD_MATCH = YES;
				CODE_SIGN_IDENTITY = "iPhone Developer";
				COPY_PHASE_STRIP = NO;
				DEBUG_INFORMATION_FORMAT = dwarf;
				ENABLE_STRICT_OBJC_MSGSEND = YES;
				ENABLE_TESTABILITY = YES;
				GCC_C_LANGUAGE_STANDARD = gnu11;
				GCC_DYNAMIC_NO_PIC = NO;
				GCC_NO_COMMON_BLOCKS = YES;
				GCC_OPTIMIZATION_LEVEL = 0;
				GCC_PREPROCESSOR_DEFINITIONS = (
					"DEBUG=1",
					"$(inherited)",
				);
				GCC_WARN_64_TO_32_BIT_CONVERSION = YES;
				GCC_WARN_ABOUT_RETURN_TYPE = YES_ERROR;
				GCC_WARN_UNDECLARED_SELECTOR = YES;
				GCC_WARN_UNINITIALIZED_AUTOS = YES_AGGRESSIVE;
				GCC_WARN_UNUSED_FUNCTION = YES;
				GCC_WARN_UNUSED_VARIABLE = YES;
				IPHONEOS_DEPLOYMENT_TARGET = 11.4;
				MTL_ENABLE_DEBUG_INFO = YES;
				ONLY_ACTIVE_ARCH = YES;
				SDKROOT = iphoneos;
				SWIFT_ACTIVE_COMPILATION_CONDITIONS = DEBUG;
				SWIFT_OPTIMIZATION_LEVEL = "-Onone";
			};
			name = Debug;
		};
		75C7D91820F1DCEC0023BEC7 /* Release */ = {
			isa = XCBuildConfiguration;
			buildSettings = {
				ALWAYS_SEARCH_USER_PATHS = NO;
				CLANG_ANALYZER_NONNULL = YES;
				CLANG_ANALYZER_NUMBER_OBJECT_CONVERSION = YES_AGGRESSIVE;
				CLANG_CXX_LANGUAGE_STANDARD = "gnu++14";
				CLANG_CXX_LIBRARY = "libc++";
				CLANG_ENABLE_MODULES = YES;
				CLANG_ENABLE_OBJC_ARC = YES;
				CLANG_ENABLE_OBJC_WEAK = YES;
				CLANG_WARN_BLOCK_CAPTURE_AUTORELEASING = YES;
				CLANG_WARN_BOOL_CONVERSION = YES;
				CLANG_WARN_COMMA = YES;
				CLANG_WARN_CONSTANT_CONVERSION = YES;
				CLANG_WARN_DEPRECATED_OBJC_IMPLEMENTATIONS = YES;
				CLANG_WARN_DIRECT_OBJC_ISA_USAGE = YES_ERROR;
				CLANG_WARN_DOCUMENTATION_COMMENTS = YES;
				CLANG_WARN_EMPTY_BODY = YES;
				CLANG_WARN_ENUM_CONVERSION = YES;
				CLANG_WARN_INFINITE_RECURSION = YES;
				CLANG_WARN_INT_CONVERSION = YES;
				CLANG_WARN_NON_LITERAL_NULL_CONVERSION = YES;
				CLANG_WARN_OBJC_IMPLICIT_RETAIN_SELF = YES;
				CLANG_WARN_OBJC_LITERAL_CONVERSION = YES;
				CLANG_WARN_OBJC_ROOT_CLASS = YES_ERROR;
				CLANG_WARN_RANGE_LOOP_ANALYSIS = YES;
				CLANG_WARN_STRICT_PROTOTYPES = YES;
				CLANG_WARN_SUSPICIOUS_MOVE = YES;
				CLANG_WARN_UNGUARDED_AVAILABILITY = YES_AGGRESSIVE;
				CLANG_WARN_UNREACHABLE_CODE = YES;
				CLANG_WARN__DUPLICATE_METHOD_MATCH = YES;
				CODE_SIGN_IDENTITY = "iPhone Developer";
				COPY_PHASE_STRIP = NO;
				DEBUG_INFORMATION_FORMAT = "dwarf-with-dsym";
				ENABLE_NS_ASSERTIONS = NO;
				ENABLE_STRICT_OBJC_MSGSEND = YES;
				GCC_C_LANGUAGE_STANDARD = gnu11;
				GCC_NO_COMMON_BLOCKS = YES;
				GCC_WARN_64_TO_32_BIT_CONVERSION = YES;
				GCC_WARN_ABOUT_RETURN_TYPE = YES_ERROR;
				GCC_WARN_UNDECLARED_SELECTOR = YES;
				GCC_WARN_UNINITIALIZED_AUTOS = YES_AGGRESSIVE;
				GCC_WARN_UNUSED_FUNCTION = YES;
				GCC_WARN_UNUSED_VARIABLE = YES;
				IPHONEOS_DEPLOYMENT_TARGET = 11.4;
				MTL_ENABLE_DEBUG_INFO = NO;
				SDKROOT = iphoneos;
				SWIFT_COMPILATION_MODE = wholemodule;
				SWIFT_OPTIMIZATION_LEVEL = "-O";
				VALIDATE_PRODUCT = YES;
			};
			name = Release;
		};
		75C7D91A20F1DCEC0023BEC7 /* Debug */ = {
			isa = XCBuildConfiguration;
			buildSettings = {
				ASSETCATALOG_COMPILER_APPICON_NAME = AppIcon;
				CODE_SIGN_STYLE = Automatic;
				INFOPLIST_FILE = gambalcounter/Info.plist;
				LD_RUNPATH_SEARCH_PATHS = (
					"$(inherited)",
					"@executable_path/Frameworks",
				);
				PRODUCT_BUNDLE_IDENTIFIER = kit.gambalcounter;
				PRODUCT_NAME = "$(TARGET_NAME)";
				SWIFT_VERSION = 4.0;
				TARGETED_DEVICE_FAMILY = "1,2";
			};
			name = Debug;
		};
		75C7D91B20F1DCEC0023BEC7 /* Release */ = {
			isa = XCBuildConfiguration;
			buildSettings = {
				ASSETCATALOG_COMPILER_APPICON_NAME = AppIcon;
				CODE_SIGN_STYLE = Automatic;
				INFOPLIST_FILE = gambalcounter/Info.plist;
				LD_RUNPATH_SEARCH_PATHS = (
					"$(inherited)",
					"@executable_path/Frameworks",
				);
				PRODUCT_BUNDLE_IDENTIFIER = kit.gambalcounter;
				PRODUCT_NAME = "$(TARGET_NAME)";
				SWIFT_VERSION = 4.0;
				TARGETED_DEVICE_FAMILY = "1,2";
			};
			name = Release;
		};
		75C7D91D20F1DCEC0023BEC7 /* Debug */ = {
			isa = XCBuildConfiguration;
			buildSettings = {
				ALWAYS_EMBED_SWIFT_STANDARD_LIBRARIES = YES;
				BUNDLE_LOADER = "$(TEST_HOST)";
				CODE_SIGN_STYLE = Automatic;
				INFOPLIST_FILE = gambalcounterTests/Info.plist;
				LD_RUNPATH_SEARCH_PATHS = (
					"$(inherited)",
					"@executable_path/Frameworks",
					"@loader_path/Frameworks",
				);
				PRODUCT_BUNDLE_IDENTIFIER = kit.gambalcounterTests;
				PRODUCT_NAME = "$(TARGET_NAME)";
				SWIFT_VERSION = 4.0;
				TARGETED_DEVICE_FAMILY = "1,2";
				TEST_HOST = "$(BUILT_PRODUCTS_DIR)/gambalcounter.app/gambalcounter";
			};
			name = Debug;
		};
		75C7D91E20F1DCEC0023BEC7 /* Release */ = {
			isa = XCBuildConfiguration;
			buildSettings = {
				ALWAYS_EMBED_SWIFT_STANDARD_LIBRARIES = YES;
				BUNDLE_LOADER = "$(TEST_HOST)";
				CODE_SIGN_STYLE = Automatic;
				INFOPLIST_FILE = gambalcounterTests/Info.plist;
				LD_RUNPATH_SEARCH_PATHS = (
					"$(inherited)",
					"@executable_path/Frameworks",
					"@loader_path/Frameworks",
				);
				PRODUCT_BUNDLE_IDENTIFIER = kit.gambalcounterTests;
				PRODUCT_NAME = "$(TARGET_NAME)";
				SWIFT_VERSION = 4.0;
				TARGETED_DEVICE_FAMILY = "1,2";
				TEST_HOST = "$(BUILT_PRODUCTS_DIR)/gambalcounter.app/gambalcounter";
			};
			name = Release;
		};
		75C7D92020F1DCEC0023BEC7 /* Debug */ = {
			isa = XCBuildConfiguration;
			buildSettings = {
				ALWAYS_EMBED_SWIFT_STANDARD_LIBRARIES = YES;
				CODE_SIGN_STYLE = Automatic;
				INFOPLIST_FILE = gambalcounterUITests/Info.plist;
				LD_RUNPATH_SEARCH_PATHS = (
					"$(inherited)",
					"@executable_path/Frameworks",
					"@loader_path/Frameworks",
				);
				PRODUCT_BUNDLE_IDENTIFIER = kit.gambalcounterUITests;
				PRODUCT_NAME = "$(TARGET_NAME)";
				SWIFT_VERSION = 4.0;
				TARGETED_DEVICE_FAMILY = "1,2";
				TEST_TARGET_NAME = gambalcounter;
			};
			name = Debug;
		};
		75C7D92120F1DCEC0023BEC7 /* Release */ = {
			isa = XCBuildConfiguration;
			buildSettings = {
				ALWAYS_EMBED_SWIFT_STANDARD_LIBRARIES = YES;
				CODE_SIGN_STYLE = Automatic;
				INFOPLIST_FILE = gambalcounterUITests/Info.plist;
				LD_RUNPATH_SEARCH_PATHS = (
					"$(inherited)",
					"@executable_path/Frameworks",
					"@loader_path/Frameworks",
				);
				PRODUCT_BUNDLE_IDENTIFIER = kit.gambalcounterUITests;
				PRODUCT_NAME = "$(TARGET_NAME)";
				SWIFT_VERSION = 4.0;
				TARGETED_DEVICE_FAMILY = "1,2";
				TEST_TARGET_NAME = gambalcounter;
			};
			name = Release;
		};
/* End XCBuildConfiguration section */

/* Begin XCConfigurationList section */
		75C7D8E920F1DCEB0023BEC7 /* Build configuration list for PBXProject "gambalcounter" */ = {
			isa = XCConfigurationList;
			buildConfigurations = (
				75C7D91720F1DCEC0023BEC7 /* Debug */,
				75C7D91820F1DCEC0023BEC7 /* Release */,
			);
			defaultConfigurationIsVisible = 0;
			defaultConfigurationName = Release;
		};
		75C7D91920F1DCEC0023BEC7 /* Build configuration list for PBXNativeTarget "gambalcounter" */ = {
			isa = XCConfigurationList;
			buildConfigurations = (
				75C7D91A20F1DCEC0023BEC7 /* Debug */,
				75C7D91B20F1DCEC0023BEC7 /* Release */,
			);
			defaultConfigurationIsVisible = 0;
			defaultConfigurationName = Release;
		};
		75C7D91C20F1DCEC0023BEC7 /* Build configuration list for PBXNativeTarget "gambalcounterTests" */ = {
			isa = XCConfigurationList;
			buildConfigurations = (
				75C7D91D20F1DCEC0023BEC7 /* Debug */,
				75C7D91E20F1DCEC0023BEC7 /* Release */,
			);
			defaultConfigurationIsVisible = 0;
			defaultConfigurationName = Release;
		};
		75C7D91F20F1DCEC0023BEC7 /* Build configuration list for PBXNativeTarget "gambalcounterUITests" */ = {
			isa = XCConfigurationList;
			buildConfigurations = (
				75C7D92020F1DCEC0023BEC7 /* Debug */,
				75C7D92120F1DCEC0023BEC7 /* Release */,
			);
			defaultConfigurationIsVisible = 0;
			defaultConfigurationName = Release;
		};
/* End XCConfigurationList section */

/* Begin XCVersionGroup section */
		75C7D8F820F1DCEB0023BEC7 /* gambalcounter.xcdatamodeld */ = {
			isa = XCVersionGroup;
			children = (
				75C7D8F920F1DCEB0023BEC7 /* gambalcounter.xcdatamodel */,
			);
			currentVersion = 75C7D8F920F1DCEB0023BEC7 /* gambalcounter.xcdatamodel */;
			path = gambalcounter.xcdatamodeld;
			sourceTree = "<group>";
			versionGroupType = wrapper.xcdatamodel;
		};
/* End XCVersionGroup section */
	};
	rootObject = 75C7D8E620F1DCEB0023BEC7 /* Project object */;
}
